<?xml version="1.0" encoding="utf-8"?>
<Project ToolsVersion="4.0" xmlns="http://schemas.microsoft.com/developer/msbuild/2003">
  <ItemGroup>
    <Filter Include="Source Files">
      <UniqueIdentifier>{4983237f-3c42-4e34-8dc2-34ea324f225b}</UniqueIdentifier>
      <Extensions>cpp;c;cxx;rc;def;r;odl;idl;hpj;bat</Extensions>
    </Filter>
    <Filter Include="Source Files\Sound">
      <UniqueIdentifier>{efb0a71b-7867-4adf-b6f1-795caff5d54b}</UniqueIdentifier>
    </Filter>
    <Filter Include="Source Files\Client">
      <UniqueIdentifier>{e647f431-0bbe-48ee-8405-c4c18111abfe}</UniqueIdentifier>
    </Filter>
    <Filter Include="Source Files\Graphics">
      <UniqueIdentifier>{24a6aba5-ac54-4a2b-9338-9bf0554ead37}</UniqueIdentifier>
    </Filter>
    <Filter Include="Source Files\Network">
      <UniqueIdentifier>{ab0f7117-c0c0-42ea-84c2-16f814715197}</UniqueIdentifier>
    </Filter>
    <Filter Include="Source Files\Server">
      <UniqueIdentifier>{8c8142d9-ce8a-4fd4-820f-4e9b5d058ea4}</UniqueIdentifier>
    </Filter>
    <Filter Include="Source Files\UI">
      <UniqueIdentifier>{41f1c1fe-6cdc-46d4-a3d6-d0b221070f0d}</UniqueIdentifier>
    </Filter>
    <Filter Include="Source Files\Misc">
      <UniqueIdentifier>{d15b7d8a-9ca3-45b9-8fb8-b182be87f9aa}</UniqueIdentifier>
    </Filter>
    <Filter Include="Resource Files">
      <UniqueIdentifier>{0ae8af85-03c5-4f35-9275-975f8975f461}</UniqueIdentifier>
      <Extensions>ico;cur;bmp;dlg;rc2;rct;bin;rgs;gif;jpg;jpeg;jpe</Extensions>
    </Filter>
  </ItemGroup>
  <ItemGroup>
    <ClCompile Include="cd_win.c">
      <Filter>Source Files\Sound</Filter>
    </ClCompile>
    <ClCompile Include="snd_dma.c">
      <Filter>Source Files\Sound</Filter>
    </ClCompile>
    <ClCompile Include="snd_mem.c">
      <Filter>Source Files\Sound</Filter>
    </ClCompile>
    <ClCompile Include="snd_mix.c">
      <Filter>Source Files\Sound</Filter>
    </ClCompile>
    <ClCompile Include="snd_win.c">
      <Filter>Source Files\Sound</Filter>
    </ClCompile>
    <ClCompile Include="chase.c">
      <Filter>Source Files\Client</Filter>
    </ClCompile>
    <ClCompile Include="cl_demo.c">
      <Filter>Source Files\Client</Filter>
    </ClCompile>
    <ClCompile Include="cl_input.c">
      <Filter>Source Files\Client</Filter>
    </ClCompile>
    <ClCompile Include="cl_main.c">
      <Filter>Source Files\Client</Filter>
    </ClCompile>
    <ClCompile Include="cl_parse.c">
      <Filter>Source Files\Client</Filter>
    </ClCompile>
    <ClCompile Include="cl_tent.c">
      <Filter>Source Files\Client</Filter>
    </ClCompile>
    <ClCompile Include="gl_draw.c">
      <Filter>Source Files\Graphics</Filter>
    </ClCompile>
    <ClCompile Include="gl_fog.c">
      <Filter>Source Files\Graphics</Filter>
    </ClCompile>
    <ClCompile Include="gl_mesh.c">
      <Filter>Source Files\Graphics</Filter>
    </ClCompile>
    <ClCompile Include="gl_model.c">
      <Filter>Source Files\Graphics</Filter>
    </ClCompile>
    <ClCompile Include="gl_refrag.c">
      <Filter>Source Files\Graphics</Filter>
    </ClCompile>
    <ClCompile Include="gl_rlight.c">
      <Filter>Source Files\Graphics</Filter>
    </ClCompile>
    <ClCompile Include="gl_rmain.c">
      <Filter>Source Files\Graphics</Filter>
    </ClCompile>
    <ClCompile Include="gl_rmisc.c">
      <Filter>Source Files\Graphics</Filter>
    </ClCompile>
    <ClCompile Include="gl_screen.c">
      <Filter>Source Files\Graphics</Filter>
    </ClCompile>
    <ClCompile Include="gl_sky.c">
      <Filter>Source Files\Graphics</Filter>
    </ClCompile>
    <ClCompile Include="gl_test.c">
      <Filter>Source Files\Graphics</Filter>
    </ClCompile>
    <ClCompile Include="gl_texmgr.c">
      <Filter>Source Files\Graphics</Filter>
    </ClCompile>
    <ClCompile Include="gl_vidnt.c">
      <Filter>Source Files\Graphics</Filter>
    </ClCompile>
    <ClCompile Include="gl_warp.c">
      <Filter>Source Files\Graphics</Filter>
    </ClCompile>
    <ClCompile Include="image.c">
      <Filter>Source Files\Graphics</Filter>
    </ClCompile>
    <ClCompile Include="r_alias.c">
      <Filter>Source Files\Graphics</Filter>
    </ClCompile>
    <ClCompile Include="r_brush.c">
      <Filter>Source Files\Graphics</Filter>
    </ClCompile>
    <ClCompile Include="r_part.c">
      <Filter>Source Files\Graphics</Filter>
    </ClCompile>
    <ClCompile Include="r_sprite.c">
      <Filter>Source Files\Graphics</Filter>
    </ClCompile>
    <ClCompile Include="r_world.c">
      <Filter>Source Files\Graphics</Filter>
    </ClCompile>
    <ClCompile Include="view.c">
      <Filter>Source Files\Graphics</Filter>
    </ClCompile>
    <ClCompile Include="wad.c">
      <Filter>Source Files\Graphics</Filter>
    </ClCompile>
    <ClCompile Include="net_dgrm.c">
      <Filter>Source Files\Network</Filter>
    </ClCompile>
    <ClCompile Include="net_loop.c">
      <Filter>Source Files\Network</Filter>
    </ClCompile>
    <ClCompile Include="net_main.c">
      <Filter>Source Files\Network</Filter>
    </ClCompile>
    <ClCompile Include="net_win.c">
      <Filter>Source Files\Network</Filter>
    </ClCompile>
    <ClCompile Include="net_wins.c">
      <Filter>Source Files\Network</Filter>
    </ClCompile>
    <ClCompile Include="net_wipx.c">
      <Filter>Source Files\Network</Filter>
    </ClCompile>
    <ClCompile Include="pr_cmds.c">
      <Filter>Source Files\Server</Filter>
    </ClCompile>
    <ClCompile Include="pr_edict.c">
      <Filter>Source Files\Server</Filter>
    </ClCompile>
    <ClCompile Include="pr_exec.c">
      <Filter>Source Files\Server</Filter>
    </ClCompile>
    <ClCompile Include="sv_main.c">
      <Filter>Source Files\Server</Filter>
    </ClCompile>
    <ClCompile Include="sv_move.c">
      <Filter>Source Files\Server</Filter>
    </ClCompile>
    <ClCompile Include="sv_phys.c">
      <Filter>Source Files\Server</Filter>
    </ClCompile>
    <ClCompile Include="sv_user.c">
      <Filter>Source Files\Server</Filter>
    </ClCompile>
    <ClCompile Include="world.c">
      <Filter>Source Files\Server</Filter>
    </ClCompile>
    <ClCompile Include="cmd.c">
      <Filter>Source Files\UI</Filter>
    </ClCompile>
    <ClCompile Include="conproc.c">
      <Filter>Source Files\UI</Filter>
    </ClCompile>
    <ClCompile Include="console.c">
      <Filter>Source Files\UI</Filter>
    </ClCompile>
    <ClCompile Include="cvar.c">
      <Filter>Source Files\UI</Filter>
    </ClCompile>
    <ClCompile Include="in_win.c">
      <Filter>Source Files\UI</Filter>
    </ClCompile>
    <ClCompile Include="keys.c">
      <Filter>Source Files\UI</Filter>
    </ClCompile>
    <ClCompile Include="menu.c">
      <Filter>Source Files\UI</Filter>
    </ClCompile>
    <ClCompile Include="sbar.c">
      <Filter>Source Files\UI</Filter>
    </ClCompile>
    <ClCompile Include="common.c">
      <Filter>Source Files\Misc</Filter>
    </ClCompile>
    <ClCompile Include="crc.c">
      <Filter>Source Files\Misc</Filter>
    </ClCompile>
    <ClCompile Include="host.c">
      <Filter>Source Files\Misc</Filter>
    </ClCompile>
    <ClCompile Include="host_cmd.c">
      <Filter>Source Files\Misc</Filter>
    </ClCompile>
    <ClCompile Include="mathlib.c">
      <Filter>Source Files\Misc</Filter>
    </ClCompile>
    <ClCompile Include="sys_win.c">
      <Filter>Source Files\Misc</Filter>
    </ClCompile>
    <ClCompile Include="test.c">
      <Filter>Source Files\Misc</Filter>
    </ClCompile>
    <ClCompile Include="zone.c">
      <Filter>Source Files\Misc</Filter>
    </ClCompile>
  </ItemGroup>
  <ItemGroup>
    <ResourceCompile Include="winquake.rc">
      <Filter>Resource Files</Filter>
    </ResourceCompile>
  </ItemGroup>
  <ItemGroup>
    <CustomBuild Include="fitzquake.ico">
      <Filter>Resource Files</Filter>
    </CustomBuild>
    <CustomBuild Include="progdefs.q1">
      <Filter>Resource Files</Filter>
    </CustomBuild>
  </ItemGroup>
  <ItemGroup>
    <ClInclude Include="common.h">
      <Filter>Source Files\Misc</Filter>
    </ClInclude>
    <ClInclude Include="console.h">
      <Filter>Source Files\UI</Filter>
    </ClInclude>
    <ClInclude Include="crc.h">
      <Filter>Source Files\UI</Filter>
    </ClInclude>
    <ClInclude Include="cvar.h">
      <Filter>Source Files\UI</Filter>
    </ClInclude>
    <ClInclude Include="glquake.h">
      <Filter>Source Files\Graphics</Filter>
    </ClInclude>
    <ClInclude Include="gl_model.h">
      <Filter>Source Files\Graphics</Filter>
    </ClInclude>
    <ClInclude Include="gl_texmgr.h">
      <Filter>Source Files\Graphics</Filter>
    </ClInclude>
    <ClInclude Include="gl_warp_sin.h">
      <Filter>Source Files\Graphics</Filter>
    </ClInclude>
    <ClInclude Include="image.h">
      <Filter>Source Files\Graphics</Filter>
    </ClInclude>
    <ClInclude Include="keys.h">
      <Filter>Source Files\UI</Filter>
    </ClInclude>
    <ClInclude Include="server.h">
      <Filter>Source Files\Server</Filter>
    </ClInclude>
  </ItemGroup>
</Project>