
Microsoft Visual Studio Solution File, Format Version 12.00
# Visual Studio Version 17
VisualStudioVersion = 17.7.34009.444
MinimumVisualStudioVersion = 10.0.40219.1
Project("{8BC9CEB8-8B4A-11D0-8D11-00A0C91BC942}") = "Zombono", "engine\Zombono.vcxproj", "{36BAA554-3CA9-D02C-B35D-FDACC7AD1843}"
EndProject
Project("{9A19103F-16F7-4668-BE54-9A1E7A4F7556}") = "assetbuild", "tools\assetbuild\assetbuild.csproj", "{346ED370-10DF-4753-8A75-C5F3EA4953B8}"
EndProject
Project("{9A19103F-16F7-4668-BE54-9A1E7A4F7556}") = "bmp2lmp", "tools\bmp2lmp\bmp2lmp.csproj", "{07A3141A-FD8D-405B-8A9D-B7E33E27C4A8}"
EndProject
Project("{8BC9CEB8-8B4A-11D0-8D11-00A0C91BC942}") = "mkpak", "tools\mkpak\mkpak.vcxproj", "{9DBD8C79-FCBA-453B-9E6B-B914BC5A1377}"
EndProject
Global
	GlobalSection(SolutionConfigurationPlatforms) = preSolution
		Debug|Any CPU = Debug|Any CPU
		Debug|Win32 = Debug|Win32
		Debug|x64 = Debug|x64
		Playtest|Any CPU = Playtest|Any CPU
		Playtest|Win32 = Playtest|Win32
		Playtest|x64 = Playtest|x64
		Release|Any CPU = Release|Any CPU
		Release|Win32 = Release|Win32
		Release|x64 = Release|x64
	EndGlobalSection
	GlobalSection(ProjectConfigurationPlatforms) = postSolution
		{36BAA554-3CA9-D02C-B35D-FDACC7AD1843}.Debug|Any CPU.ActiveCfg = Debug|Win32
		{36BAA554-3CA9-D02C-B35D-FDACC7AD1843}.Debug|Any CPU.Build.0 = Debug|Win32
		{36BAA554-3CA9-D02C-B35D-FDACC7AD1843}.Debug|Win32.ActiveCfg = Debug|Win32
		{36BAA554-3CA9-D02C-B35D-FDACC7AD1843}.Debug|Win32.Build.0 = Debug|Win32
		{36BAA554-3CA9-D02C-B35D-FDACC7AD1843}.Debug|x64.ActiveCfg = Debug|Win32
		{36BAA554-3CA9-D02C-B35D-FDACC7AD1843}.Debug|x64.Build.0 = Debug|Win32
		{36BAA554-3CA9-D02C-B35D-FDACC7AD1843}.Playtest|Any CPU.ActiveCfg = Playtest|Win32
		{36BAA554-3CA9-D02C-B35D-FDACC7AD1843}.Playtest|Any CPU.Build.0 = Playtest|Win32
		{36BAA554-3CA9-D02C-B35D-FDACC7AD1843}.Playtest|Win32.ActiveCfg = Playtest|Win32
		{36BAA554-3CA9-D02C-B35D-FDACC7AD1843}.Playtest|Win32.Build.0 = Playtest|Win32
		{36BAA554-3CA9-D02C-B35D-FDACC7AD1843}.Playtest|x64.ActiveCfg = Playtest|Win32
		{36BAA554-3CA9-D02C-B35D-FDACC7AD1843}.Playtest|x64.Build.0 = Playtest|Win32
		{36BAA554-3CA9-D02C-B35D-FDACC7AD1843}.Release|Any CPU.ActiveCfg = Release|Win32
		{36BAA554-3CA9-D02C-B35D-FDACC7AD1843}.Release|Any CPU.Build.0 = Release|Win32
		{36BAA554-3CA9-D02C-B35D-FDACC7AD1843}.Release|Win32.ActiveCfg = Release|Win32
		{36BAA554-3CA9-D02C-B35D-FDACC7AD1843}.Release|Win32.Build.0 = Release|Win32
		{36BAA554-3CA9-D02C-B35D-FDACC7AD1843}.Release|x64.ActiveCfg = Release|Win32
		{36BAA554-3CA9-D02C-B35D-FDACC7AD1843}.Release|x64.Build.0 = Release|Win32
		{346ED370-10DF-4753-8A75-C5F3EA4953B8}.Debug|Any CPU.ActiveCfg = Debug|Any CPU
		{346ED370-10DF-4753-8A75-C5F3EA4953B8}.Debug|Any CPU.Build.0 = Debug|Any CPU
		{346ED370-10DF-4753-8A75-C5F3EA4953B8}.Debug|Win32.ActiveCfg = Debug|Any CPU
		{346ED370-10DF-4753-8A75-C5F3EA4953B8}.Debug|Win32.Build.0 = Debug|Any CPU
		{346ED370-10DF-4753-8A75-C5F3EA4953B8}.Debug|x64.ActiveCfg = Debug|Any CPU
		{346ED370-10DF-4753-8A75-C5F3EA4953B8}.Debug|x64.Build.0 = Debug|Any CPU
		{346ED370-10DF-4753-8A75-C5F3EA4953B8}.Playtest|Any CPU.ActiveCfg = Release|Any CPU
		{346ED370-10DF-4753-8A75-C5F3EA4953B8}.Playtest|Any CPU.Build.0 = Release|Any CPU
		{346ED370-10DF-4753-8A75-C5F3EA4953B8}.Playtest|Win32.ActiveCfg = Playtest|Any CPU
		{346ED370-10DF-4753-8A75-C5F3EA4953B8}.Playtest|Win32.Build.0 = Playtest|Any CPU
		{346ED370-10DF-4753-8A75-C5F3EA4953B8}.Playtest|x64.ActiveCfg = Playtest|Any CPU
		{346ED370-10DF-4753-8A75-C5F3EA4953B8}.Playtest|x64.Build.0 = Playtest|Any CPU
		{346ED370-10DF-4753-8A75-C5F3EA4953B8}.Release|Any CPU.ActiveCfg = Release|Any CPU
		{346ED370-10DF-4753-8A75-C5F3EA4953B8}.Release|Any CPU.Build.0 = Release|Any CPU
		{346ED370-10DF-4753-8A75-C5F3EA4953B8}.Release|Win32.ActiveCfg = Release|Any CPU
		{346ED370-10DF-4753-8A75-C5F3EA4953B8}.Release|Win32.Build.0 = Release|Any CPU
		{346ED370-10DF-4753-8A75-C5F3EA4953B8}.Release|x64.ActiveCfg = Release|Any CPU
		{346ED370-10DF-4753-8A75-C5F3EA4953B8}.Release|x64.Build.0 = Release|Any CPU
		{07A3141A-FD8D-405B-8A9D-B7E33E27C4A8}.Debug|Any CPU.ActiveCfg = Debug|Any CPU
		{07A3141A-FD8D-405B-8A9D-B7E33E27C4A8}.Debug|Any CPU.Build.0 = Debug|Any CPU
		{07A3141A-FD8D-405B-8A9D-B7E33E27C4A8}.Debug|Win32.ActiveCfg = Debug|Any CPU
		{07A3141A-FD8D-405B-8A9D-B7E33E27C4A8}.Debug|Win32.Build.0 = Debug|Any CPU
		{07A3141A-FD8D-405B-8A9D-B7E33E27C4A8}.Debug|x64.ActiveCfg = Debug|Any CPU
		{07A3141A-FD8D-405B-8A9D-B7E33E27C4A8}.Debug|x64.Build.0 = Debug|Any CPU
		{07A3141A-FD8D-405B-8A9D-B7E33E27C4A8}.Playtest|Any CPU.ActiveCfg = Release|Any CPU
		{07A3141A-FD8D-405B-8A9D-B7E33E27C4A8}.Playtest|Any CPU.Build.0 = Release|Any CPU
		{07A3141A-FD8D-405B-8A9D-B7E33E27C4A8}.Playtest|Win32.ActiveCfg = Playtest|Any CPU
		{07A3141A-FD8D-405B-8A9D-B7E33E27C4A8}.Playtest|Win32.Build.0 = Playtest|Any CPU
		{07A3141A-FD8D-405B-8A9D-B7E33E27C4A8}.Playtest|x64.ActiveCfg = Playtest|Any CPU
		{07A3141A-FD8D-405B-8A9D-B7E33E27C4A8}.Playtest|x64.Build.0 = Playtest|Any CPU
		{07A3141A-FD8D-405B-8A9D-B7E33E27C4A8}.Release|Any CPU.ActiveCfg = Release|Any CPU
		{07A3141A-FD8D-405B-8A9D-B7E33E27C4A8}.Release|Any CPU.Build.0 = Release|Any CPU
		{07A3141A-FD8D-405B-8A9D-B7E33E27C4A8}.Release|Win32.ActiveCfg = Release|Any CPU
		{07A3141A-FD8D-405B-8A9D-B7E33E27C4A8}.Release|Win32.Build.0 = Release|Any CPU
		{07A3141A-FD8D-405B-8A9D-B7E33E27C4A8}.Release|x64.ActiveCfg = Release|Any CPU
		{07A3141A-FD8D-405B-8A9D-B7E33E27C4A8}.Release|x64.Build.0 = Release|Any CPU
		{9DBD8C79-FCBA-453B-9E6B-B914BC5A1377}.Debug|Any CPU.ActiveCfg = Debug|x64
		{9DBD8C79-FCBA-453B-9E6B-B914BC5A1377}.Debug|Any CPU.Build.0 = Debug|x64
		{9DBD8C79-FCBA-453B-9E6B-B914BC5A1377}.Debug|Win32.ActiveCfg = Debug|Win32
		{9DBD8C79-FCBA-453B-9E6B-B914BC5A1377}.Debug|Win32.Build.0 = Debug|Win32
		{9DBD8C79-FCBA-453B-9E6B-B914BC5A1377}.Debug|x64.ActiveCfg = Debug|x64
		{9DBD8C79-FCBA-453B-9E6B-B914BC5A1377}.Debug|x64.Build.0 = Debug|x64
		{9DBD8C79-FCBA-453B-9E6B-B914BC5A1377}.Playtest|Any CPU.ActiveCfg = Debug|x64
		{9DBD8C79-FCBA-453B-9E6B-B914BC5A1377}.Playtest|Any CPU.Build.0 = Debug|x64
		{9DBD8C79-FCBA-453B-9E6B-B914BC5A1377}.Playtest|Win32.ActiveCfg = Playtest|Win32
		{9DBD8C79-FCBA-453B-9E6B-B914BC5A1377}.Playtest|Win32.Build.0 = Playtest|Win32
		{9DBD8C79-FCBA-453B-9E6B-B914BC5A1377}.Playtest|x64.ActiveCfg = Debug|x64
		{9DBD8C79-FCBA-453B-9E6B-B914BC5A1377}.Playtest|x64.Build.0 = Debug|x64
		{9DBD8C79-FCBA-453B-9E6B-B914BC5A1377}.Release|Any CPU.ActiveCfg = Release|x64
		{9DBD8C79-FCBA-453B-9E6B-B914BC5A1377}.Release|Any CPU.Build.0 = Release|x64
		{9DBD8C79-FCBA-453B-9E6B-B914BC5A1377}.Release|Win32.ActiveCfg = Release|Win32
		{9DBD8C79-FCBA-453B-9E6B-B914BC5A1377}.Release|Win32.Build.0 = Release|Win32
		{9DBD8C79-FCBA-453B-9E6B-B914BC5A1377}.Release|x64.ActiveCfg = Release|x64
		{9DBD8C79-FCBA-453B-9E6B-B914BC5A1377}.Release|x64.Build.0 = Release|x64
	EndGlobalSection
	GlobalSection(SolutionProperties) = preSolution
		HideSolutionNode = FALSE
	EndGlobalSection
	GlobalSection(ExtensibilityGlobals) = postSolution
		SolutionGuid = {10A19508-8C5D-45A9-871C-854B5ECA01A8}
	EndGlobalSection
EndGlobal
