<?xml version="1.0" encoding="utf-8"?>
<Project ToolsVersion="4.0" xmlns="http://schemas.microsoft.com/developer/msbuild/2003">
  <ItemGroup>
    <Filter Include="Source Files">
      <UniqueIdentifier>{4FC737F1-C7A5-4376-A066-2A32D752A2FF}</UniqueIdentifier>
      <Extensions>cpp;c;cc;cxx;c++;cppm;ixx;def;odl;idl;hpj;bat;asm;asmx</Extensions>
    </Filter>
    <Filter Include="Header Files">
      <UniqueIdentifier>{93995380-89BD-4b04-88EB-625FBE52EBFB}</UniqueIdentifier>
      <Extensions>h;hh;hpp;hxx;h++;hm;inl;inc;ipp;xsd</Extensions>
    </Filter>
    <Filter Include="Resource Files">
      <UniqueIdentifier>{67DA6AB6-F800-4c08-8B7A-83BB121AAD01}</UniqueIdentifier>
      <Extensions>rc;ico;cur;bmp;dlg;rc2;rct;bin;rgs;gif;jpg;jpeg;jpe;resx;tiff;tif;png;wav;mfcribbon-ms</Extensions>
    </Filter>
  </ItemGroup>
  <ItemGroup>
    <ClInclude Include="server\server.h">
      <Filter>Header Files</Filter>
    </ClInclude>
    <ClInclude Include="win32\conproc.h">
      <Filter>Header Files</Filter>
    </ClInclude>
    <ClInclude Include="win32\resource.h">
      <Filter>Header Files</Filter>
    </ClInclude>
    <ClInclude Include="win32\winquake.h">
      <Filter>Header Files</Filter>
    </ClInclude>
    <ClInclude Include="game\game.h">
      <Filter>Header Files</Filter>
    </ClInclude>
    <ClInclude Include="..\game\src\q_shared.h">
      <Filter>Header Files</Filter>
    </ClInclude>
    <ClInclude Include="common\common.h">
      <Filter>Header Files</Filter>
    </ClInclude>
    <ClInclude Include="common\include\common_api.h">
      <Filter>Header Files</Filter>
    </ClInclude>
    <ClInclude Include="common\curl\websockets.h">
      <Filter>Header Files</Filter>
    </ClInclude>
    <ClInclude Include="common\curl\urlapi.h">
      <Filter>Header Files</Filter>
    </ClInclude>
    <ClInclude Include="common\curl\typecheck-gcc.h">
      <Filter>Header Files</Filter>
    </ClInclude>
    <ClInclude Include="common\curl\system.h">
      <Filter>Header Files</Filter>
    </ClInclude>
    <ClInclude Include="common\curl\options.h">
      <Filter>Header Files</Filter>
    </ClInclude>
    <ClInclude Include="common\curl\stdcheaders.h">
      <Filter>Header Files</Filter>
    </ClInclude>
    <ClInclude Include="common\curl\multi.h">
      <Filter>Header Files</Filter>
    </ClInclude>
    <ClInclude Include="common\curl\mprintf.h">
      <Filter>Header Files</Filter>
    </ClInclude>
    <ClInclude Include="common\curl\header.h">
      <Filter>Header Files</Filter>
    </ClInclude>
    <ClInclude Include="common\curl\easy.h">
      <Filter>Header Files</Filter>
    </ClInclude>
    <ClInclude Include="common\curl\curlver.h">
      <Filter>Header Files</Filter>
    </ClInclude>
    <ClInclude Include="common\curl\curl.h">
      <Filter>Header Files</Filter>
    </ClInclude>
  </ItemGroup>
  <ItemGroup>
    <ClCompile Include="server\server_console_commands.c">
      <Filter>Source Files</Filter>
    </ClCompile>
    <ClCompile Include="server\server_entities.c">
      <Filter>Source Files</Filter>
    </ClCompile>
    <ClCompile Include="server\server_game.c">
      <Filter>Source Files</Filter>
    </ClCompile>
    <ClCompile Include="server\server_hack_protection.c">
      <Filter>Source Files</Filter>
    </ClCompile>
    <ClCompile Include="server\server_init.c">
      <Filter>Source Files</Filter>
    </ClCompile>
    <ClCompile Include="server\server_main.c">
      <Filter>Source Files</Filter>
    </ClCompile>
    <ClCompile Include="server\server_master.c">
      <Filter>Source Files</Filter>
    </ClCompile>
    <ClCompile Include="server\server_send.c">
      <Filter>Source Files</Filter>
    </ClCompile>
    <ClCompile Include="server\server_user.c">
      <Filter>Source Files</Filter>
    </ClCompile>
    <ClCompile Include="server\server_world.c">
      <Filter>Source Files</Filter>
    </ClCompile>
    <ClCompile Include="win32\conproc.c">
      <Filter>Source Files</Filter>
    </ClCompile>
    <ClCompile Include="win32\net_wins.c">
      <Filter>Source Files</Filter>
    </ClCompile>
    <ClCompile Include="win32\q_shwin.c">
      <Filter>Source Files</Filter>
    </ClCompile>
    <ClCompile Include="win32\sys_win.c">
      <Filter>Source Files</Filter>
    </ClCompile>
    <ClCompile Include="null\vid_null.c">
      <Filter>Source Files</Filter>
    </ClCompile>
    <ClCompile Include="null\glfw_null.c">
      <Filter>Source Files</Filter>
    </ClCompile>
    <ClCompile Include="null\cl_null.c">
      <Filter>Source Files</Filter>
    </ClCompile>
    <ClCompile Include="null\in_null.c">
      <Filter>Source Files</Filter>
    </ClCompile>
    <ClCompile Include="common\files.c">
      <Filter>Source Files</Filter>
    </ClCompile>
    <ClCompile Include="..\game\src\q_shared.c">
      <Filter>Source Files</Filter>
    </ClCompile>
  </ItemGroup>
  <ItemGroup>
    <ResourceCompile Include="win32\Zombono.rc">
      <Filter>Resource Files</Filter>
    </ResourceCompile>
  </ItemGroup>
</Project>