<?xml version="1.0" encoding="utf-8"?>
<Project ToolsVersion="4.0" xmlns="http://schemas.microsoft.com/developer/msbuild/2003">
  <ItemGroup>
    <Filter Include="Source Files">
      <UniqueIdentifier>{4FC737F1-C7A5-4376-A066-2A32D752A2FF}</UniqueIdentifier>
      <Extensions>cpp;c;cc;cxx;def;odl;idl;hpj;bat;asm;asmx</Extensions>
    </Filter>
    <Filter Include="Header Files">
      <UniqueIdentifier>{93995380-89BD-4b04-88EB-625FBE52EBFB}</UniqueIdentifier>
      <Extensions>h;hh;hpp;hxx;hm;inl;inc;xsd</Extensions>
    </Filter>
    <Filter Include="Resource Files">
      <UniqueIdentifier>{67DA6AB6-F800-4c08-8B7A-83BB121AAD01}</UniqueIdentifier>
      <Extensions>rc;ico;cur;bmp;dlg;rc2;rct;bin;rgs;gif;jpg;jpeg;jpe;resx;tiff;tif;png;wav;mfcribbon-ms</Extensions>
    </Filter>
  </ItemGroup>
  <ItemGroup>
    <ClCompile Include="client\entity\entity_client.c">
      <Filter>Source Files</Filter>
    </ClCompile>
    <ClCompile Include="client\fx\fx_particles.c">
      <Filter>Source Files</Filter>
    </ClCompile>
    <ClCompile Include="client\input\input_base.c">
      <Filter>Source Files</Filter>
    </ClCompile>
    <ClCompile Include="client\base\client_main.c">
      <Filter>Source Files</Filter>
    </ClCompile>
    <ClCompile Include="client\base\client_parse.c">
      <Filter>Source Files</Filter>
    </ClCompile>
    <ClCompile Include="client\base\client_prediction.c">
      <Filter>Source Files</Filter>
    </ClCompile>
    <ClCompile Include="client\render\render_2d.c">
      <Filter>Source Files</Filter>
    </ClCompile>
    <ClCompile Include="client\entity\entity_tempent.c">
      <Filter>Source Files</Filter>
    </ClCompile>
    <ClCompile Include="client\render\render_3d.c">
      <Filter>Source Files</Filter>
    </ClCompile>
    <ClCompile Include="client\console\console.c">
      <Filter>Source Files</Filter>
    </ClCompile>
    <ClCompile Include="client\input\input_events.c">
      <Filter>Source Files</Filter>
    </ClCompile>
    <ClCompile Include="client\sound\sound_dma.c">
      <Filter>Source Files</Filter>
    </ClCompile>
    <ClCompile Include="client\sound\sound_mem.c">
      <Filter>Source Files</Filter>
    </ClCompile>
    <ClCompile Include="client\sound\sound_mix.c">
      <Filter>Source Files</Filter>
    </ClCompile>
    <ClCompile Include="common\pmove.c">
      <Filter>Source Files</Filter>
    </ClCompile>
    <ClCompile Include="common\cmd.c">
      <Filter>Source Files</Filter>
    </ClCompile>
    <ClCompile Include="common\map_loader.c">
      <Filter>Source Files</Filter>
    </ClCompile>
    <ClCompile Include="common\common.c">
      <Filter>Source Files</Filter>
    </ClCompile>
    <ClCompile Include="common\crc.c">
      <Filter>Source Files</Filter>
    </ClCompile>
    <ClCompile Include="common\cvar.c">
      <Filter>Source Files</Filter>
    </ClCompile>
    <ClCompile Include="common\filesystem.c">
      <Filter>Source Files</Filter>
    </ClCompile>
    <ClCompile Include="common\md4.c">
      <Filter>Source Files</Filter>
    </ClCompile>
    <ClCompile Include="common\net_chan.c">
      <Filter>Source Files</Filter>
    </ClCompile>
    <ClCompile Include="server\server_world.c">
      <Filter>Source Files</Filter>
    </ClCompile>
    <ClCompile Include="server\server_console_commands.c">
      <Filter>Source Files</Filter>
    </ClCompile>
    <ClCompile Include="server\server_entities.c">
      <Filter>Source Files</Filter>
    </ClCompile>
    <ClCompile Include="server\server_game.c">
      <Filter>Source Files</Filter>
    </ClCompile>
    <ClCompile Include="server\server_init.c">
      <Filter>Source Files</Filter>
    </ClCompile>
    <ClCompile Include="server\server_main.c">
      <Filter>Source Files</Filter>
    </ClCompile>
    <ClCompile Include="server\server_send.c">
      <Filter>Source Files</Filter>
    </ClCompile>
    <ClCompile Include="server\server_user.c">
      <Filter>Source Files</Filter>
    </ClCompile>
    <ClCompile Include="client\sound\sound_miniaudio.c">
      <Filter>Source Files</Filter>
    </ClCompile>
    <ClCompile Include="client\ui\ui.c">
      <Filter>Source Files</Filter>
    </ClCompile>
    <ClCompile Include="client\ui\ui_scripts.c">
      <Filter>Source Files</Filter>
    </ClCompile>
    <ClCompile Include="client\ui\ui_leaderboard.c">
      <Filter>Source Files</Filter>
    </ClCompile>
    <ClCompile Include="client\ui\ui_eventhandling.c">
      <Filter>Source Files</Filter>
    </ClCompile>
    <ClCompile Include="client\text\text.c">
      <Filter>Source Files</Filter>
    </ClCompile>
    <ClCompile Include="client\text\text_font.c">
      <Filter>Source Files</Filter>
    </ClCompile>
    <ClCompile Include="common\pdjson.c">
      <Filter>Source Files</Filter>
    </ClCompile>
    <ClCompile Include="common\netservices\netservices_update.c">
      <Filter>Source Files</Filter>
    </ClCompile>
    <ClCompile Include="common\netservices\netservices_base.c">
      <Filter>Source Files</Filter>
    </ClCompile>
    <ClCompile Include="client\loadout\loadout.c">
      <Filter>Source Files</Filter>
    </ClCompile>
    <ClCompile Include="client\render\render_interface.c">
      <Filter>Source Files</Filter>
    </ClCompile>
    <ClCompile Include="client\ui\ui_mainmenu.c">
      <Filter>Source Files</Filter>
    </ClCompile>
    <ClCompile Include="client\fx\fx_dlight.c">
      <Filter>Source Files</Filter>
    </ClCompile>
    <ClCompile Include="client\fx\fx_lightstyle.c">
      <Filter>Source Files</Filter>
    </ClCompile>
    <ClCompile Include="client\fx\fx_beam.c">
      <Filter>Source Files</Filter>
    </ClCompile>
    <ClCompile Include="client\fx\fx_explosion.c">
      <Filter>Source Files</Filter>
    </ClCompile>
    <ClCompile Include="client\intro\intro.c">
      <Filter>Source Files</Filter>
    </ClCompile>
    <ClCompile Include="server\server_master.c">
      <Filter>Source Files</Filter>
    </ClCompile>
    <ClCompile Include="common\netservices\netservices_masterserver.c">
      <Filter>Source Files</Filter>
    </ClCompile>
    <ClCompile Include="client\ui\ui_mainmenu_quickstart.c">
      <Filter>Source Files</Filter>
    </ClCompile>
    <ClCompile Include="client\ui\ui_mainmenu_browseservers.c">
      <Filter>Source Files</Filter>
    </ClCompile>
    <ClCompile Include="client\ui\ui_mainmenu_settings.c">
      <Filter>Source Files</Filter>
    </ClCompile>
    <ClCompile Include="client\ui\ui_mainmenu_zombietv.c">
      <Filter>Source Files</Filter>
    </ClCompile>
    <ClCompile Include="client\ui\ui_mainmenu_quit.c">
      <Filter>Source Files</Filter>
    </ClCompile>
    <ClCompile Include="client\input\input_mouse.c">
      <Filter>Source Files</Filter>
    </ClCompile>
    <ClCompile Include="client\base\client_commands.c">
      <Filter>Source Files</Filter>
    </ClCompile>
    <ClCompile Include="client\base\client_cvars.c">
      <Filter>Source Files</Filter>
    </ClCompile>
    <ClCompile Include="client\base\client_commands_demo.c">
      <Filter>Source Files</Filter>
    </ClCompile>
    <ClCompile Include="client\base\client_commands_download.c">
      <Filter>Source Files</Filter>
    </ClCompile>
    <ClCompile Include="common\gameinfo.c">
      <Filter>Source Files</Filter>
    </ClCompile>
    <ClCompile Include="server\server_hack_protection.c">
      <Filter>Source Files</Filter>
    </ClCompile>
    <ClCompile Include="common\localisation.c">
      <Filter>Source Files</Filter>
    </ClCompile>
    <ClCompile Include="common\cpuid.c">
      <Filter>Source Files</Filter>
    </ClCompile>
    <ClCompile Include="client\base\client_event.c">
      <Filter>Source Files</Filter>
    </ClCompile>
    <ClCompile Include="client\ui\ui_killfeed.c">
      <Filter>Source Files</Filter>
    </ClCompile>
    <ClCompile Include="common\netservices\netservices_account.c">
      <Filter>Source Files</Filter>
    </ClCompile>
    <ClCompile Include="client\ui\settings\ui_settings_sound.c">
      <Filter>Source Files</Filter>
    </ClCompile>
    <ClCompile Include="client\ui\settings\ui_settings_graphics.c">
      <Filter>Source Files</Filter>
    </ClCompile>
    <ClCompile Include="client\ui\settings\ui_settings_controls.c">
      <Filter>Source Files</Filter>
    </ClCompile>
    <ClCompile Include="client\ui\settings\ui_settings_game.c">
      <Filter>Source Files</Filter>
    </ClCompile>
    <ClCompile Include="..\game\src\gameplay\game_monster_flash.c">
      <Filter>Source Files</Filter>
    </ClCompile>
    <ClCompile Include="..\game\src\q_shared.c">
      <Filter>Source Files</Filter>
    </ClCompile>
    <ClCompile Include="platform\win32\win32_sound.c">
      <Filter>Source Files</Filter>
    </ClCompile>
    <ClCompile Include="platform\win32\win32_conproc.c">
      <Filter>Source Files</Filter>
    </ClCompile>
    <ClCompile Include="platform\win32\win32_net_winsock.c">
      <Filter>Source Files</Filter>
    </ClCompile>
    <ClCompile Include="platform\win32\win32_alloc.c">
      <Filter>Source Files</Filter>
    </ClCompile>
    <ClCompile Include="platform\win32\win32_main.c">
      <Filter>Source Files</Filter>
    </ClCompile>
    <ClCompile Include="sys_api.c">
      <Filter>Source Files</Filter>
    </ClCompile>
  </ItemGroup>
  <ItemGroup>
    <ClInclude Include="client\include\sound.h">
      <Filter>Header Files</Filter>
    </ClInclude>
    <ClInclude Include="client\include\vid.h">
      <Filter>Header Files</Filter>
    </ClInclude>
    <ClInclude Include="client\include\anorms.h">
      <Filter>Header Files</Filter>
    </ClInclude>
    <ClInclude Include="client\client.h">
      <Filter>Header Files</Filter>
    </ClInclude>
    <ClInclude Include="client\include\input.h">
      <Filter>Header Files</Filter>
    </ClInclude>
    <ClInclude Include="client\include\input_keys.h">
      <Filter>Header Files</Filter>
    </ClInclude>
    <ClInclude Include="client\include\menu_framework.h">
      <Filter>Header Files</Filter>
    </ClInclude>
    <ClInclude Include="client\include\ref.h">
      <Filter>Header Files</Filter>
    </ClInclude>
    <ClInclude Include="client\include\render.h">
      <Filter>Header Files</Filter>
    </ClInclude>
    <ClInclude Include="client\include\sound_local.h">
      <Filter>Header Files</Filter>
    </ClInclude>
    <ClInclude Include="game\game.h">
      <Filter>Header Files</Filter>
    </ClInclude>
    <ClInclude Include="common\common.h">
      <Filter>Header Files</Filter>
    </ClInclude>
    <ClInclude Include="server\server.h">
      <Filter>Header Files</Filter>
    </ClInclude>
    <ClInclude Include="client\include\miniaudio.h">
      <Filter>Header Files</Filter>
    </ClInclude>
    <ClInclude Include="client\include\sound_miniaudio.h">
      <Filter>Header Files</Filter>
    </ClInclude>
    <ClInclude Include="common\pdjson.h">
      <Filter>Header Files</Filter>
    </ClInclude>
    <ClInclude Include="common\netservices\netservices.h">
      <Filter>Header Files</Filter>
    </ClInclude>
    <ClInclude Include="common\curl\curl.h">
      <Filter>Header Files</Filter>
    </ClInclude>
    <ClInclude Include="common\curl\curlver.h">
      <Filter>Header Files</Filter>
    </ClInclude>
    <ClInclude Include="common\curl\easy.h">
      <Filter>Header Files</Filter>
    </ClInclude>
    <ClInclude Include="common\curl\header.h">
      <Filter>Header Files</Filter>
    </ClInclude>
    <ClInclude Include="common\curl\mprintf.h">
      <Filter>Header Files</Filter>
    </ClInclude>
    <ClInclude Include="common\curl\multi.h">
      <Filter>Header Files</Filter>
    </ClInclude>
    <ClInclude Include="common\curl\options.h">
      <Filter>Header Files</Filter>
    </ClInclude>
    <ClInclude Include="common\curl\stdcheaders.h">
      <Filter>Header Files</Filter>
    </ClInclude>
    <ClInclude Include="common\curl\system.h">
      <Filter>Header Files</Filter>
    </ClInclude>
    <ClInclude Include="common\curl\typecheck-gcc.h">
      <Filter>Header Files</Filter>
    </ClInclude>
    <ClInclude Include="common\curl\urlapi.h">
      <Filter>Header Files</Filter>
    </ClInclude>
    <ClInclude Include="common\curl\websockets.h">
      <Filter>Header Files</Filter>
    </ClInclude>
    <ClInclude Include="common\version.h">
      <Filter>Header Files</Filter>
    </ClInclude>
    <ClInclude Include="common\formats\bsp.h">
      <Filter>Header Files</Filter>
    </ClInclude>
    <ClInclude Include="common\formats\md2.h">
      <Filter>Header Files</Filter>
    </ClInclude>
    <ClInclude Include="common\formats\sp2.h">
      <Filter>Header Files</Filter>
    </ClInclude>
    <ClInclude Include="common\formats\pak.h">
      <Filter>Header Files</Filter>
    </ClInclude>
    <ClInclude Include="client\include\console.h">
      <Filter>Header Files</Filter>
    </ClInclude>
    <ClInclude Include="client\include\ui.h">
      <Filter>Header Files</Filter>
    </ClInclude>
    <ClInclude Include="..\game\src\q_shared.h">
      <Filter>Header Files</Filter>
    </ClInclude>
    <ClInclude Include="client\client_api.h">
      <Filter>Header Files</Filter>
    </ClInclude>
    <ClInclude Include="server\server_api.h">
      <Filter>Header Files</Filter>
    </ClInclude>
    <ClInclude Include="platform\win32\win32_conproc.h">
      <Filter>Header Files</Filter>
    </ClInclude>
    <ClInclude Include="platform\win32\resource.h">
      <Filter>Header Files</Filter>
    </ClInclude>
    <ClInclude Include="platform\win32\win32_api.h">
      <Filter>Header Files</Filter>
    </ClInclude>
    <ClInclude Include="sys_api.h">
      <Filter>Header Files</Filter>
    </ClInclude>
  </ItemGroup>
  <ItemGroup>
    <Image Include="platform\win32\zombono.ico">
      <Filter>Resource Files</Filter>
    </Image>
  </ItemGroup>
  <ItemGroup>
    <ResourceCompile Include="platform\win32\Zombono.rc">
      <Filter>Resource Files</Filter>
    </ResourceCompile>
  </ItemGroup>
  <ItemGroup>
    <None Include="EuphoriaEngine.def">
      <Filter>Source Files</Filter>
    </None>
  </ItemGroup>
</Project>