<?xml version="1.0" encoding="utf-8"?>
<Project ToolsVersion="4.0" xmlns="http://schemas.microsoft.com/developer/msbuild/2003">
  <ItemGroup>
    <Filter Include="Source Files">
      <UniqueIdentifier>{4FC737F1-C7A5-4376-A066-2A32D752A2FF}</UniqueIdentifier>
      <Extensions>cpp;c;cc;cxx;c++;cppm;ixx;def;odl;idl;hpj;bat;asm;asmx</Extensions>
    </Filter>
    <Filter Include="Header Files">
      <UniqueIdentifier>{93995380-89BD-4b04-88EB-625FBE52EBFB}</UniqueIdentifier>
      <Extensions>h;hh;hpp;hxx;h++;hm;inl;inc;ipp;xsd</Extensions>
    </Filter>
    <Filter Include="Resource Files">
      <UniqueIdentifier>{67DA6AB6-F800-4c08-8B7A-83BB121AAD01}</UniqueIdentifier>
      <Extensions>rc;ico;cur;bmp;dlg;rc2;rct;bin;rgs;gif;jpg;jpeg;jpe;resx;tiff;tif;png;wav;mfcribbon-ms</Extensions>
    </Filter>
  </ItemGroup>
  <ItemGroup>
    <ClCompile Include="cmd.c">
      <Filter>Source Files</Filter>
    </ClCompile>
    <ClCompile Include="common.c">
      <Filter>Source Files</Filter>
    </ClCompile>
    <ClCompile Include="crc.c">
      <Filter>Source Files</Filter>
    </ClCompile>
    <ClCompile Include="cvar.c">
      <Filter>Source Files</Filter>
    </ClCompile>
    <ClCompile Include="files.c">
      <Filter>Source Files</Filter>
    </ClCompile>
    <ClCompile Include="gameinfo.c">
      <Filter>Source Files</Filter>
    </ClCompile>
    <ClCompile Include="localisation.c">
      <Filter>Source Files</Filter>
    </ClCompile>
    <ClCompile Include="map_loader.c">
      <Filter>Source Files</Filter>
    </ClCompile>
    <ClCompile Include="md4.c">
      <Filter>Source Files</Filter>
    </ClCompile>
    <ClCompile Include="netservices\netservices_base.c">
      <Filter>Source Files</Filter>
    </ClCompile>
    <ClCompile Include="netservices\netservices_masterserver.c">
      <Filter>Source Files</Filter>
    </ClCompile>
    <ClCompile Include="netservices\netservices_update.c">
      <Filter>Source Files</Filter>
    </ClCompile>
    <ClCompile Include="net_chan.c">
      <Filter>Source Files</Filter>
    </ClCompile>
    <ClCompile Include="pdjson.c">
      <Filter>Source Files</Filter>
    </ClCompile>
    <ClCompile Include="pmove.c">
      <Filter>Source Files</Filter>
    </ClCompile>
    <ClCompile Include="cpuid.c">
      <Filter>Source Files</Filter>
    </ClCompile>
    <ClCompile Include="netservices\netservices_account.c">
      <Filter>Source Files</Filter>
    </ClCompile>
    <ClCompile Include="common_api.c">
      <Filter>Source Files</Filter>
    </ClCompile>
  </ItemGroup>
  <ItemGroup>
    <ClInclude Include="curl\curl.h">
      <Filter>Header Files</Filter>
    </ClInclude>
    <ClInclude Include="curl\curlver.h">
      <Filter>Header Files</Filter>
    </ClInclude>
    <ClInclude Include="curl\easy.h">
      <Filter>Header Files</Filter>
    </ClInclude>
    <ClInclude Include="curl\header.h">
      <Filter>Header Files</Filter>
    </ClInclude>
    <ClInclude Include="curl\mprintf.h">
      <Filter>Header Files</Filter>
    </ClInclude>
    <ClInclude Include="curl\multi.h">
      <Filter>Header Files</Filter>
    </ClInclude>
    <ClInclude Include="curl\options.h">
      <Filter>Header Files</Filter>
    </ClInclude>
    <ClInclude Include="curl\stdcheaders.h">
      <Filter>Header Files</Filter>
    </ClInclude>
    <ClInclude Include="curl\system.h">
      <Filter>Header Files</Filter>
    </ClInclude>
    <ClInclude Include="curl\typecheck-gcc.h">
      <Filter>Header Files</Filter>
    </ClInclude>
    <ClInclude Include="curl\urlapi.h">
      <Filter>Header Files</Filter>
    </ClInclude>
    <ClInclude Include="curl\websockets.h">
      <Filter>Header Files</Filter>
    </ClInclude>
    <ClInclude Include="formats\bsp.h">
      <Filter>Header Files</Filter>
    </ClInclude>
    <ClInclude Include="formats\md2.h">
      <Filter>Header Files</Filter>
    </ClInclude>
    <ClInclude Include="formats\pak.h">
      <Filter>Header Files</Filter>
    </ClInclude>
    <ClInclude Include="formats\sp2.h">
      <Filter>Header Files</Filter>
    </ClInclude>
    <ClInclude Include="netservices\netservices.h">
      <Filter>Header Files</Filter>
    </ClInclude>
    <ClInclude Include="pdjson.h">
      <Filter>Header Files</Filter>
    </ClInclude>
    <ClInclude Include="common.h">
      <Filter>Header Files</Filter>
    </ClInclude>
    <ClInclude Include="version.h">
      <Filter>Header Files</Filter>
    </ClInclude>
    <ClInclude Include="common_api.h">
      <Filter>Header Files</Filter>
    </ClInclude>
    <ClInclude Include="..\..\game\src\q_shared.h">
      <Filter>Header Files</Filter>
    </ClInclude>
    <ClInclude Include="..\..\game\src\q_shared.c">
      <Filter>Source Files</Filter>
    </ClInclude>
  </ItemGroup>
  <ItemGroup>
    <None Include="EuphoriaCommon.def">
      <Filter>Source Files</Filter>
    </None>
  </ItemGroup>
</Project>